Microsoft Visual Studio Solution File, Format Version 12.00
# Visual Studio Version 17
VisualStudioVersion = 17.5.2.0
MinimumVisualStudioVersion = 10.0.40219.1
Project("{FAE04EC0-301F-11D3-BF4B-00C04F79EFBC}") = "Array-1", "Array-1\Array-1.csproj", "{400B69BF-0917-2C90-72FF-17048BA07322}"
EndProject
Global
	GlobalSection(SolutionConfigurationPlatforms) = preSolution
		Debug|Any CPU = Debug|Any CPU
		Release|Any CPU = Release|Any CPU
	EndGlobalSection
	GlobalSection(ProjectConfigurationPlatforms) = postSolution
		{400B69BF-0917-2C90-72FF-17048BA07322}.Debug|Any CPU.ActiveCfg = Debug|Any CPU
		{400B69BF-0917-2C90-72FF-17048BA07322}.Debug|Any CPU.Build.0 = Debug|Any CPU
		{400B69BF-0917-2C90-72FF-17048BA07322}.Release|Any CPU.ActiveCfg = Release|Any CPU
		{400B69BF-0917-2C90-72FF-17048BA07322}.Release|Any CPU.Build.0 = Release|Any CPU
	EndGlobalSection
	GlobalSection(SolutionProperties) = preSolution
		HideSolutionNode = FALSE
	EndGlobalSection
	GlobalSection(ExtensibilityGlobals) = postSolution
		SolutionGuid = {BF2601B2-316C-4D80-AF0E-DF68060E7C8B}
	EndGlobalSection
EndGlobal
